
Microsoft Visual Studio Solution File, Format Version 12.00
Project("{FAE04EC0-301F-11D3-BF4B-00C04F79EFBC}") = "Exceptions", "Exceptions\Exceptions.csproj", "{1AC25EAC-918C-4963-A5E8-8B5AA74C646F}"
EndProject
Project("{FAE04EC0-301F-11D3-BF4B-00C04F79EFBC}") = "MethodParams", "MethodParams\MethodParams.csproj", "{ADC8B75A-27C5-4786-8447-34C5281EB250}"
EndProject
Project("{FAE04EC0-301F-11D3-BF4B-00C04F79EFBC}") = "AccessKeywords", "AccessKeywords\AccessKeywords.csproj", "{E6CCF6FE-E1E5-4449-B841-FCC99CB50D89}"
EndProject
Project("{FAE04EC0-301F-11D3-BF4B-00C04F79EFBC}") = "ConstraintKeywords", "ConstraintKeywords\ConstraintKeywords.csproj", "{90DEF59A-A3ED-4907-960D-E4C2BEDF2BE9}"
EndProject
Project("{FAE04EC0-301F-11D3-BF4B-00C04F79EFBC}") = "ContextualKeyword", "ContextualKeyword\ContextualKeyword.csproj", "{63432513-7B21-4399-8DE7-A9CF708A7C15}"
EndProject
Project("{FAE04EC0-301F-11D3-BF4B-00C04F79EFBC}") = "Query", "Query\Query.csproj", "{045FB013-F24F-4AF2-8654-C7EEAD11D491}"
EndProject
Project("{FAE04EC0-301F-11D3-BF4B-00C04F79EFBC}") = "OperatorAndExpressions", "OperatorAndExpressions\OperatorAndExpressions.csproj", "{74E25F97-7047-4CD5-BD42-A7087DBBC5DF}"
EndProject
Project("{FAE04EC0-301F-11D3-BF4B-00C04F79EFBC}") = "Statements", "Statements\Statements.csproj", "{6FD368EC-5754-4DAB-AE2A-5892FDA8A92E}"
EndProject
Project("{FAE04EC0-301F-11D3-BF4B-00C04F79EFBC}") = "SpecialChars", "SpecialChars\SpecialChars.csproj", "{8F6B34EA-D4F9-4EFD-9359-22EAA793935A}"
EndProject
Project("{2150E333-8FDC-42A3-9474-1A3956D46DE8}") = "LanguageRef", "LanguageRef", "{A7BF521C-29D0-413E-B200-1B9EE237067A}"
EndProject
Project("{2150E333-8FDC-42A3-9474-1A3956D46DE8}") = "ProgrammingGuide", "ProgrammingGuide", "{A3B0C2ED-B507-4D39-A4F8-1CDDDD9A170D}"
EndProject
Project("{FAE04EC0-301F-11D3-BF4B-00C04F79EFBC}") = "Delegates", "Delegates\Delegates.csproj", "{394D6C00-7CCD-4BA9-95FC-CED3E30AB594}"
EndProject
Project("{FAE04EC0-301F-11D3-BF4B-00C04F79EFBC}") = "Interfaces", "Interfaces\Interfaces.csproj", "{FFAB5B89-A480-4C83-A5B8-DD9EA8A00D61}"
EndProject
Project("{FAE04EC0-301F-11D3-BF4B-00C04F79EFBC}") = "ClassesStructsRecords", "ClassesStructsRecords\ClassesStructsRecords.csproj", "{2C705255-AB49-4A89-9A15-A6806B78226B}"
EndProject
Project("{FAE04EC0-301F-11D3-BF4B-00C04F79EFBC}") = "NetworkPractice", "NetworkPractice\NetworkPractice.csproj", "{CEAECA4D-83AF-4818-8F36-95DFA9100CB6}"
EndProject
Project("{FAE04EC0-301F-11D3-BF4B-00C04F79EFBC}") = "AsynchronousPractice", "AsynchronousPractice\AsynchronousPractice.csproj", "{D0658AFF-A097-41D9-A9F3-1E420F4F221D}"
EndProject
Project("{FAE04EC0-301F-11D3-BF4B-00C04F79EFBC}") = "AdvancedCsGenerics", "AdvancedCsGenerics\AdvancedCsGenerics.csproj", "{68B5AD17-D5BC-43ED-830B-65923953C904}"
EndProject
Project("{FAE04EC0-301F-11D3-BF4B-00C04F79EFBC}") = "TensorFlowDeepMachineLearning", "TensorFlowDeepMachineLearning\TensorFlowDeepMachineLearning.csproj", "{23A923A8-33C3-4AB9-B309-038C5B110C82}"
EndProject
Project("{FAE04EC0-301F-11D3-BF4B-00C04F79EFBC}") = "NetworkInUnity", "NetworkInUnity\NetworkInUnity.csproj", "{1C07272C-D0E7-4C7C-B1E2-8786DA981E32}"
EndProject
Project("{FAE04EC0-301F-11D3-BF4B-00C04F79EFBC}") = "oop", "oop\oop.csproj", "{27398926-E30A-40BA-A0C6-FDED223CE291}"
EndProject
Project("{FAE04EC0-301F-11D3-BF4B-00C04F79EFBC}") = "Reflection", "Reflection\Reflection.csproj", "{11E3AC83-1FED-4D77-BCA9-D699CF66A2CD}"
EndProject
Global
	GlobalSection(SolutionConfigurationPlatforms) = preSolution
		Debug|Any CPU = Debug|Any CPU
		Release|Any CPU = Release|Any CPU
	EndGlobalSection
	GlobalSection(ProjectConfigurationPlatforms) = postSolution
		{1AC25EAC-918C-4963-A5E8-8B5AA74C646F}.Debug|Any CPU.ActiveCfg = Debug|Any CPU
		{1AC25EAC-918C-4963-A5E8-8B5AA74C646F}.Debug|Any CPU.Build.0 = Debug|Any CPU
		{1AC25EAC-918C-4963-A5E8-8B5AA74C646F}.Release|Any CPU.ActiveCfg = Release|Any CPU
		{1AC25EAC-918C-4963-A5E8-8B5AA74C646F}.Release|Any CPU.Build.0 = Release|Any CPU
		{ADC8B75A-27C5-4786-8447-34C5281EB250}.Debug|Any CPU.ActiveCfg = Debug|Any CPU
		{ADC8B75A-27C5-4786-8447-34C5281EB250}.Debug|Any CPU.Build.0 = Debug|Any CPU
		{ADC8B75A-27C5-4786-8447-34C5281EB250}.Release|Any CPU.ActiveCfg = Release|Any CPU
		{ADC8B75A-27C5-4786-8447-34C5281EB250}.Release|Any CPU.Build.0 = Release|Any CPU
		{E6CCF6FE-E1E5-4449-B841-FCC99CB50D89}.Debug|Any CPU.ActiveCfg = Debug|Any CPU
		{E6CCF6FE-E1E5-4449-B841-FCC99CB50D89}.Debug|Any CPU.Build.0 = Debug|Any CPU
		{E6CCF6FE-E1E5-4449-B841-FCC99CB50D89}.Release|Any CPU.ActiveCfg = Release|Any CPU
		{E6CCF6FE-E1E5-4449-B841-FCC99CB50D89}.Release|Any CPU.Build.0 = Release|Any CPU
		{90DEF59A-A3ED-4907-960D-E4C2BEDF2BE9}.Debug|Any CPU.ActiveCfg = Debug|Any CPU
		{90DEF59A-A3ED-4907-960D-E4C2BEDF2BE9}.Debug|Any CPU.Build.0 = Debug|Any CPU
		{90DEF59A-A3ED-4907-960D-E4C2BEDF2BE9}.Release|Any CPU.ActiveCfg = Release|Any CPU
		{90DEF59A-A3ED-4907-960D-E4C2BEDF2BE9}.Release|Any CPU.Build.0 = Release|Any CPU
		{63432513-7B21-4399-8DE7-A9CF708A7C15}.Debug|Any CPU.ActiveCfg = Debug|Any CPU
		{63432513-7B21-4399-8DE7-A9CF708A7C15}.Debug|Any CPU.Build.0 = Debug|Any CPU
		{63432513-7B21-4399-8DE7-A9CF708A7C15}.Release|Any CPU.ActiveCfg = Release|Any CPU
		{63432513-7B21-4399-8DE7-A9CF708A7C15}.Release|Any CPU.Build.0 = Release|Any CPU
		{045FB013-F24F-4AF2-8654-C7EEAD11D491}.Debug|Any CPU.ActiveCfg = Debug|Any CPU
		{045FB013-F24F-4AF2-8654-C7EEAD11D491}.Debug|Any CPU.Build.0 = Debug|Any CPU
		{045FB013-F24F-4AF2-8654-C7EEAD11D491}.Release|Any CPU.ActiveCfg = Release|Any CPU
		{045FB013-F24F-4AF2-8654-C7EEAD11D491}.Release|Any CPU.Build.0 = Release|Any CPU
		{74E25F97-7047-4CD5-BD42-A7087DBBC5DF}.Debug|Any CPU.ActiveCfg = Debug|Any CPU
		{74E25F97-7047-4CD5-BD42-A7087DBBC5DF}.Debug|Any CPU.Build.0 = Debug|Any CPU
		{74E25F97-7047-4CD5-BD42-A7087DBBC5DF}.Release|Any CPU.ActiveCfg = Release|Any CPU
		{74E25F97-7047-4CD5-BD42-A7087DBBC5DF}.Release|Any CPU.Build.0 = Release|Any CPU
		{6FD368EC-5754-4DAB-AE2A-5892FDA8A92E}.Debug|Any CPU.ActiveCfg = Debug|Any CPU
		{6FD368EC-5754-4DAB-AE2A-5892FDA8A92E}.Debug|Any CPU.Build.0 = Debug|Any CPU
		{6FD368EC-5754-4DAB-AE2A-5892FDA8A92E}.Release|Any CPU.ActiveCfg = Release|Any CPU
		{6FD368EC-5754-4DAB-AE2A-5892FDA8A92E}.Release|Any CPU.Build.0 = Release|Any CPU
		{8F6B34EA-D4F9-4EFD-9359-22EAA793935A}.Debug|Any CPU.ActiveCfg = Debug|Any CPU
		{8F6B34EA-D4F9-4EFD-9359-22EAA793935A}.Debug|Any CPU.Build.0 = Debug|Any CPU
		{8F6B34EA-D4F9-4EFD-9359-22EAA793935A}.Release|Any CPU.ActiveCfg = Release|Any CPU
		{8F6B34EA-D4F9-4EFD-9359-22EAA793935A}.Release|Any CPU.Build.0 = Release|Any CPU
		{394D6C00-7CCD-4BA9-95FC-CED3E30AB594}.Debug|Any CPU.ActiveCfg = Debug|Any CPU
		{394D6C00-7CCD-4BA9-95FC-CED3E30AB594}.Debug|Any CPU.Build.0 = Debug|Any CPU
		{394D6C00-7CCD-4BA9-95FC-CED3E30AB594}.Release|Any CPU.ActiveCfg = Release|Any CPU
		{394D6C00-7CCD-4BA9-95FC-CED3E30AB594}.Release|Any CPU.Build.0 = Release|Any CPU
		{FFAB5B89-A480-4C83-A5B8-DD9EA8A00D61}.Debug|Any CPU.ActiveCfg = Debug|Any CPU
		{FFAB5B89-A480-4C83-A5B8-DD9EA8A00D61}.Debug|Any CPU.Build.0 = Debug|Any CPU
		{FFAB5B89-A480-4C83-A5B8-DD9EA8A00D61}.Release|Any CPU.ActiveCfg = Release|Any CPU
		{FFAB5B89-A480-4C83-A5B8-DD9EA8A00D61}.Release|Any CPU.Build.0 = Release|Any CPU
		{2C705255-AB49-4A89-9A15-A6806B78226B}.Debug|Any CPU.ActiveCfg = Debug|Any CPU
		{2C705255-AB49-4A89-9A15-A6806B78226B}.Debug|Any CPU.Build.0 = Debug|Any CPU
		{2C705255-AB49-4A89-9A15-A6806B78226B}.Release|Any CPU.ActiveCfg = Release|Any CPU
		{2C705255-AB49-4A89-9A15-A6806B78226B}.Release|Any CPU.Build.0 = Release|Any CPU
		{CEAECA4D-83AF-4818-8F36-95DFA9100CB6}.Debug|Any CPU.ActiveCfg = Debug|Any CPU
		{CEAECA4D-83AF-4818-8F36-95DFA9100CB6}.Debug|Any CPU.Build.0 = Debug|Any CPU
		{CEAECA4D-83AF-4818-8F36-95DFA9100CB6}.Release|Any CPU.ActiveCfg = Release|Any CPU
		{CEAECA4D-83AF-4818-8F36-95DFA9100CB6}.Release|Any CPU.Build.0 = Release|Any CPU
		{D0658AFF-A097-41D9-A9F3-1E420F4F221D}.Debug|Any CPU.ActiveCfg = Debug|Any CPU
		{D0658AFF-A097-41D9-A9F3-1E420F4F221D}.Debug|Any CPU.Build.0 = Debug|Any CPU
		{D0658AFF-A097-41D9-A9F3-1E420F4F221D}.Release|Any CPU.ActiveCfg = Release|Any CPU
		{D0658AFF-A097-41D9-A9F3-1E420F4F221D}.Release|Any CPU.Build.0 = Release|Any CPU
		{68B5AD17-D5BC-43ED-830B-65923953C904}.Debug|Any CPU.ActiveCfg = Debug|Any CPU
		{68B5AD17-D5BC-43ED-830B-65923953C904}.Debug|Any CPU.Build.0 = Debug|Any CPU
		{68B5AD17-D5BC-43ED-830B-65923953C904}.Release|Any CPU.ActiveCfg = Release|Any CPU
		{68B5AD17-D5BC-43ED-830B-65923953C904}.Release|Any CPU.Build.0 = Release|Any CPU
		{23A923A8-33C3-4AB9-B309-038C5B110C82}.Debug|Any CPU.ActiveCfg = Debug|Any CPU
		{23A923A8-33C3-4AB9-B309-038C5B110C82}.Debug|Any CPU.Build.0 = Debug|Any CPU
		{23A923A8-33C3-4AB9-B309-038C5B110C82}.Release|Any CPU.ActiveCfg = Release|Any CPU
		{23A923A8-33C3-4AB9-B309-038C5B110C82}.Release|Any CPU.Build.0 = Release|Any CPU
		{1C07272C-D0E7-4C7C-B1E2-8786DA981E32}.Debug|Any CPU.ActiveCfg = Debug|Any CPU
		{1C07272C-D0E7-4C7C-B1E2-8786DA981E32}.Debug|Any CPU.Build.0 = Debug|Any CPU
		{1C07272C-D0E7-4C7C-B1E2-8786DA981E32}.Release|Any CPU.ActiveCfg = Release|Any CPU
		{1C07272C-D0E7-4C7C-B1E2-8786DA981E32}.Release|Any CPU.Build.0 = Release|Any CPU
		{27398926-E30A-40BA-A0C6-FDED223CE291}.Debug|Any CPU.ActiveCfg = Debug|Any CPU
		{27398926-E30A-40BA-A0C6-FDED223CE291}.Debug|Any CPU.Build.0 = Debug|Any CPU
		{27398926-E30A-40BA-A0C6-FDED223CE291}.Release|Any CPU.ActiveCfg = Release|Any CPU
		{27398926-E30A-40BA-A0C6-FDED223CE291}.Release|Any CPU.Build.0 = Release|Any CPU
		{11E3AC83-1FED-4D77-BCA9-D699CF66A2CD}.Debug|Any CPU.ActiveCfg = Debug|Any CPU
		{11E3AC83-1FED-4D77-BCA9-D699CF66A2CD}.Debug|Any CPU.Build.0 = Debug|Any CPU
		{11E3AC83-1FED-4D77-BCA9-D699CF66A2CD}.Release|Any CPU.ActiveCfg = Release|Any CPU
		{11E3AC83-1FED-4D77-BCA9-D699CF66A2CD}.Release|Any CPU.Build.0 = Release|Any CPU
	EndGlobalSection
	GlobalSection(NestedProjects) = preSolution
		{E6CCF6FE-E1E5-4449-B841-FCC99CB50D89} = {A7BF521C-29D0-413E-B200-1B9EE237067A}
		{90DEF59A-A3ED-4907-960D-E4C2BEDF2BE9} = {A7BF521C-29D0-413E-B200-1B9EE237067A}
		{63432513-7B21-4399-8DE7-A9CF708A7C15} = {A7BF521C-29D0-413E-B200-1B9EE237067A}
		{1AC25EAC-918C-4963-A5E8-8B5AA74C646F} = {A7BF521C-29D0-413E-B200-1B9EE237067A}
		{ADC8B75A-27C5-4786-8447-34C5281EB250} = {A7BF521C-29D0-413E-B200-1B9EE237067A}
		{74E25F97-7047-4CD5-BD42-A7087DBBC5DF} = {A7BF521C-29D0-413E-B200-1B9EE237067A}
		{045FB013-F24F-4AF2-8654-C7EEAD11D491} = {A7BF521C-29D0-413E-B200-1B9EE237067A}
		{8F6B34EA-D4F9-4EFD-9359-22EAA793935A} = {A7BF521C-29D0-413E-B200-1B9EE237067A}
		{6FD368EC-5754-4DAB-AE2A-5892FDA8A92E} = {A7BF521C-29D0-413E-B200-1B9EE237067A}
		{394D6C00-7CCD-4BA9-95FC-CED3E30AB594} = {A3B0C2ED-B507-4D39-A4F8-1CDDDD9A170D}
		{FFAB5B89-A480-4C83-A5B8-DD9EA8A00D61} = {A3B0C2ED-B507-4D39-A4F8-1CDDDD9A170D}
		{2C705255-AB49-4A89-9A15-A6806B78226B} = {A3B0C2ED-B507-4D39-A4F8-1CDDDD9A170D}
		{68B5AD17-D5BC-43ED-830B-65923953C904} = {A3B0C2ED-B507-4D39-A4F8-1CDDDD9A170D}
		{D0658AFF-A097-41D9-A9F3-1E420F4F221D} = {A3B0C2ED-B507-4D39-A4F8-1CDDDD9A170D}
		{CEAECA4D-83AF-4818-8F36-95DFA9100CB6} = {A3B0C2ED-B507-4D39-A4F8-1CDDDD9A170D}
		{23A923A8-33C3-4AB9-B309-038C5B110C82} = {A3B0C2ED-B507-4D39-A4F8-1CDDDD9A170D}
	EndGlobalSection
EndGlobal
